
Microsoft Visual Studio Solution File, Format Version 12.00
# Visual Studio 2013
VisualStudioVersion = 12.0.31101.0
MinimumVisualStudioVersion = 10.0.40219.1
Project("{FAE04EC0-301F-11D3-BF4B-00C04F79EFBC}") = "P02ReverseString", "P02ReverseString\P02ReverseString.csproj", "{0D07DD2E-0FE3-4028-9B89-6D379B75EB16}"
EndProject
Project("{FAE04EC0-301F-11D3-BF4B-00C04F79EFBC}") = "P03CorrectBrackets", "P03CorrectBrackets\P03CorrectBrackets.csproj", "{EEF34193-2AC1-4CF4-A6D5-6B5B230E77E8}"
EndProject
Project("{FAE04EC0-301F-11D3-BF4B-00C04F79EFBC}") = "P04SubStringInText", "P04SubStringInText\P04SubStringInText.csproj", "{D47FDAD2-1B3A-4D40-BF73-20582F926011}"
EndProject
Project("{FAE04EC0-301F-11D3-BF4B-00C04F79EFBC}") = "P05ParseTags", "P05ParseTags\P05ParseTags.csproj", "{2DC1983E-623A-4B49-9A8C-D3E4A68D5550}"
EndProject
Project("{FAE04EC0-301F-11D3-BF4B-00C04F79EFBC}") = "P06StringLength", "P06StringLength\P06StringLength.csproj", "{40F703D4-F8F5-441F-B6BA-DF918F3E9C2A}"
EndProject
Project("{FAE04EC0-301F-11D3-BF4B-00C04F79EFBC}") = "P07EncodeDecode", "P07EncodeDecode\P07EncodeDecode.csproj", "{A693005B-CD04-4326-92B5-FF0294280F59}"
EndProject
Project("{FAE04EC0-301F-11D3-BF4B-00C04F79EFBC}") = "P08ExtractSentences", "P08ExtractSentences\P08ExtractSentences.csproj", "{745564EC-BC54-4C04-9EA7-73A3EAE03DBB}"
EndProject
Project("{FAE04EC0-301F-11D3-BF4B-00C04F79EFBC}") = "P09ForbiddenWords", "P09ForbiddenWords\P09ForbiddenWords.csproj", "{DE709705-4A3B-405B-AFF0-35902558C832}"
EndProject
Project("{FAE04EC0-301F-11D3-BF4B-00C04F79EFBC}") = "P10UnicodeCharacters", "P10UnicodeCharacters\P10UnicodeCharacters.csproj", "{655DC7D4-3C52-482A-AE1D-75BD2866FA01}"
EndProject
Project("{FAE04EC0-301F-11D3-BF4B-00C04F79EFBC}") = "P11FormatNumber", "P11FormatNumber\P11FormatNumber.csproj", "{B05F4624-CAF7-4506-84D3-5654A886D310}"
EndProject
Project("{FAE04EC0-301F-11D3-BF4B-00C04F79EFBC}") = "P12ParseURL", "P12ParseURL\P12ParseURL.csproj", "{E573B2BB-A890-4254-8D58-0B2DC3977E66}"
EndProject
Project("{FAE04EC0-301F-11D3-BF4B-00C04F79EFBC}") = "P13ReverseSentence", "P13ReverseSentence\P13ReverseSentence.csproj", "{A47D39E8-61C3-44B2-9E66-910E39078810}"
EndProject
Project("{FAE04EC0-301F-11D3-BF4B-00C04F79EFBC}") = "P14WordDictionary", "P14WordDictionary\P14WordDictionary.csproj", "{34E7FCEB-0B0D-4BCF-B220-2792CFE26880}"
EndProject
Project("{FAE04EC0-301F-11D3-BF4B-00C04F79EFBC}") = "P15ReplaceTags", "P15ReplaceTags\P15ReplaceTags.csproj", "{A4061B53-BAF0-45D6-9CF6-AC5D9C4109B2}"
EndProject
Project("{FAE04EC0-301F-11D3-BF4B-00C04F79EFBC}") = "P16DateDifference", "P16DateDifference\P16DateDifference.csproj", "{A7AD2D55-6A2F-4E0A-97E4-B60C81D3CD14}"
EndProject
Project("{FAE04EC0-301F-11D3-BF4B-00C04F79EFBC}") = "P17DateInBulgarian", "P17DateInBulgarian\P17DateInBulgarian.csproj", "{546D9DE6-D084-4BF4-9671-06EA3E4DE396}"
EndProject
Project("{FAE04EC0-301F-11D3-BF4B-00C04F79EFBC}") = "P18ExtractEMails", "P18ExtractEMails\P18ExtractEMails.csproj", "{7C5D5D81-42E4-4218-91EF-F5789BD315C8}"
EndProject
Project("{FAE04EC0-301F-11D3-BF4B-00C04F79EFBC}") = "P19DatesFromTextInCanada", "P19DatesFromTextInCanada\P19DatesFromTextInCanada.csproj", "{8DFC544E-A19F-483B-B15B-F67EF149D57D}"
EndProject
Project("{FAE04EC0-301F-11D3-BF4B-00C04F79EFBC}") = "P20Palindromes", "P20Palindromes\P20Palindromes.csproj", "{C4D020B6-38F3-4824-B44F-10C39CE166C3}"
EndProject
Project("{FAE04EC0-301F-11D3-BF4B-00C04F79EFBC}") = "P21LettersCount", "P21LettersCount\P21LettersCount.csproj", "{B9402087-2AFB-4138-8911-C903B84C2E3B}"
EndProject
Project("{FAE04EC0-301F-11D3-BF4B-00C04F79EFBC}") = "P22WordsCount", "P22WordsCount\P22WordsCount.csproj", "{1279B4EF-538F-4A1C-80D8-E2EA11BC6FF7}"
EndProject
Project("{FAE04EC0-301F-11D3-BF4B-00C04F79EFBC}") = "P23SeriesOfLetters", "P23SeriesOfLetters\P23SeriesOfLetters.csproj", "{94FD411D-E7F2-4822-AF2B-D46D2E37ABCB}"
EndProject
Project("{FAE04EC0-301F-11D3-BF4B-00C04F79EFBC}") = "P24OrderWords", "P24OrderWords\P24OrderWords.csproj", "{E80CBACB-7215-4DEB-9700-FB1F2760EA43}"
EndProject
Project("{FAE04EC0-301F-11D3-BF4B-00C04F79EFBC}") = "P25ExtractTextFromHTML", "P25ExtractTextFromHTML\P25ExtractTextFromHTML.csproj", "{9950ED6B-B98C-4295-B4C9-F42EDE71F915}"
EndProject
Global
	GlobalSection(SolutionConfigurationPlatforms) = preSolution
		Debug|Any CPU = Debug|Any CPU
		Release|Any CPU = Release|Any CPU
	EndGlobalSection
	GlobalSection(ProjectConfigurationPlatforms) = postSolution
		{0D07DD2E-0FE3-4028-9B89-6D379B75EB16}.Debug|Any CPU.ActiveCfg = Debug|Any CPU
		{0D07DD2E-0FE3-4028-9B89-6D379B75EB16}.Debug|Any CPU.Build.0 = Debug|Any CPU
		{0D07DD2E-0FE3-4028-9B89-6D379B75EB16}.Release|Any CPU.ActiveCfg = Release|Any CPU
		{0D07DD2E-0FE3-4028-9B89-6D379B75EB16}.Release|Any CPU.Build.0 = Release|Any CPU
		{EEF34193-2AC1-4CF4-A6D5-6B5B230E77E8}.Debug|Any CPU.ActiveCfg = Debug|Any CPU
		{EEF34193-2AC1-4CF4-A6D5-6B5B230E77E8}.Debug|Any CPU.Build.0 = Debug|Any CPU
		{EEF34193-2AC1-4CF4-A6D5-6B5B230E77E8}.Release|Any CPU.ActiveCfg = Release|Any CPU
		{EEF34193-2AC1-4CF4-A6D5-6B5B230E77E8}.Release|Any CPU.Build.0 = Release|Any CPU
		{D47FDAD2-1B3A-4D40-BF73-20582F926011}.Debug|Any CPU.ActiveCfg = Debug|Any CPU
		{D47FDAD2-1B3A-4D40-BF73-20582F926011}.Debug|Any CPU.Build.0 = Debug|Any CPU
		{D47FDAD2-1B3A-4D40-BF73-20582F926011}.Release|Any CPU.ActiveCfg = Release|Any CPU
		{D47FDAD2-1B3A-4D40-BF73-20582F926011}.Release|Any CPU.Build.0 = Release|Any CPU
		{2DC1983E-623A-4B49-9A8C-D3E4A68D5550}.Debug|Any CPU.ActiveCfg = Debug|Any CPU
		{2DC1983E-623A-4B49-9A8C-D3E4A68D5550}.Debug|Any CPU.Build.0 = Debug|Any CPU
		{2DC1983E-623A-4B49-9A8C-D3E4A68D5550}.Release|Any CPU.ActiveCfg = Release|Any CPU
		{2DC1983E-623A-4B49-9A8C-D3E4A68D5550}.Release|Any CPU.Build.0 = Release|Any CPU
		{40F703D4-F8F5-441F-B6BA-DF918F3E9C2A}.Debug|Any CPU.ActiveCfg = Debug|Any CPU
		{40F703D4-F8F5-441F-B6BA-DF918F3E9C2A}.Debug|Any CPU.Build.0 = Debug|Any CPU
		{40F703D4-F8F5-441F-B6BA-DF918F3E9C2A}.Release|Any CPU.ActiveCfg = Release|Any CPU
		{40F703D4-F8F5-441F-B6BA-DF918F3E9C2A}.Release|Any CPU.Build.0 = Release|Any CPU
		{A693005B-CD04-4326-92B5-FF0294280F59}.Debug|Any CPU.ActiveCfg = Debug|Any CPU
		{A693005B-CD04-4326-92B5-FF0294280F59}.Debug|Any CPU.Build.0 = Debug|Any CPU
		{A693005B-CD04-4326-92B5-FF0294280F59}.Release|Any CPU.ActiveCfg = Release|Any CPU
		{A693005B-CD04-4326-92B5-FF0294280F59}.Release|Any CPU.Build.0 = Release|Any CPU
		{745564EC-BC54-4C04-9EA7-73A3EAE03DBB}.Debug|Any CPU.ActiveCfg = Debug|Any CPU
		{745564EC-BC54-4C04-9EA7-73A3EAE03DBB}.Debug|Any CPU.Build.0 = Debug|Any CPU
		{745564EC-BC54-4C04-9EA7-73A3EAE03DBB}.Release|Any CPU.ActiveCfg = Release|Any CPU
		{745564EC-BC54-4C04-9EA7-73A3EAE03DBB}.Release|Any CPU.Build.0 = Release|Any CPU
		{DE709705-4A3B-405B-AFF0-35902558C832}.Debug|Any CPU.ActiveCfg = Debug|Any CPU
		{DE709705-4A3B-405B-AFF0-35902558C832}.Debug|Any CPU.Build.0 = Debug|Any CPU
		{DE709705-4A3B-405B-AFF0-35902558C832}.Release|Any CPU.ActiveCfg = Release|Any CPU
		{DE709705-4A3B-405B-AFF0-35902558C832}.Release|Any CPU.Build.0 = Release|Any CPU
		{655DC7D4-3C52-482A-AE1D-75BD2866FA01}.Debug|Any CPU.ActiveCfg = Debug|Any CPU
		{655DC7D4-3C52-482A-AE1D-75BD2866FA01}.Debug|Any CPU.Build.0 = Debug|Any CPU
		{655DC7D4-3C52-482A-AE1D-75BD2866FA01}.Release|Any CPU.ActiveCfg = Release|Any CPU
		{655DC7D4-3C52-482A-AE1D-75BD2866FA01}.Release|Any CPU.Build.0 = Release|Any CPU
		{B05F4624-CAF7-4506-84D3-5654A886D310}.Debug|Any CPU.ActiveCfg = Debug|Any CPU
		{B05F4624-CAF7-4506-84D3-5654A886D310}.Debug|Any CPU.Build.0 = Debug|Any CPU
		{B05F4624-CAF7-4506-84D3-5654A886D310}.Release|Any CPU.ActiveCfg = Release|Any CPU
		{B05F4624-CAF7-4506-84D3-5654A886D310}.Release|Any CPU.Build.0 = Release|Any CPU
		{E573B2BB-A890-4254-8D58-0B2DC3977E66}.Debug|Any CPU.ActiveCfg = Debug|Any CPU
		{E573B2BB-A890-4254-8D58-0B2DC3977E66}.Debug|Any CPU.Build.0 = Debug|Any CPU
		{E573B2BB-A890-4254-8D58-0B2DC3977E66}.Release|Any CPU.ActiveCfg = Release|Any CPU
		{E573B2BB-A890-4254-8D58-0B2DC3977E66}.Release|Any CPU.Build.0 = Release|Any CPU
		{A47D39E8-61C3-44B2-9E66-910E39078810}.Debug|Any CPU.ActiveCfg = Debug|Any CPU
		{A47D39E8-61C3-44B2-9E66-910E39078810}.Debug|Any CPU.Build.0 = Debug|Any CPU
		{A47D39E8-61C3-44B2-9E66-910E39078810}.Release|Any CPU.ActiveCfg = Release|Any CPU
		{A47D39E8-61C3-44B2-9E66-910E39078810}.Release|Any CPU.Build.0 = Release|Any CPU
		{34E7FCEB-0B0D-4BCF-B220-2792CFE26880}.Debug|Any CPU.ActiveCfg = Debug|Any CPU
		{34E7FCEB-0B0D-4BCF-B220-2792CFE26880}.Debug|Any CPU.Build.0 = Debug|Any CPU
		{34E7FCEB-0B0D-4BCF-B220-2792CFE26880}.Release|Any CPU.ActiveCfg = Release|Any CPU
		{34E7FCEB-0B0D-4BCF-B220-2792CFE26880}.Release|Any CPU.Build.0 = Release|Any CPU
		{A4061B53-BAF0-45D6-9CF6-AC5D9C4109B2}.Debug|Any CPU.ActiveCfg = Debug|Any CPU
		{A4061B53-BAF0-45D6-9CF6-AC5D9C4109B2}.Debug|Any CPU.Build.0 = Debug|Any CPU
		{A4061B53-BAF0-45D6-9CF6-AC5D9C4109B2}.Release|Any CPU.ActiveCfg = Release|Any CPU
		{A4061B53-BAF0-45D6-9CF6-AC5D9C4109B2}.Release|Any CPU.Build.0 = Release|Any CPU
		{A7AD2D55-6A2F-4E0A-97E4-B60C81D3CD14}.Debug|Any CPU.ActiveCfg = Debug|Any CPU
		{A7AD2D55-6A2F-4E0A-97E4-B60C81D3CD14}.Debug|Any CPU.Build.0 = Debug|Any CPU
		{A7AD2D55-6A2F-4E0A-97E4-B60C81D3CD14}.Release|Any CPU.ActiveCfg = Release|Any CPU
		{A7AD2D55-6A2F-4E0A-97E4-B60C81D3CD14}.Release|Any CPU.Build.0 = Release|Any CPU
		{546D9DE6-D084-4BF4-9671-06EA3E4DE396}.Debug|Any CPU.ActiveCfg = Debug|Any CPU
		{546D9DE6-D084-4BF4-9671-06EA3E4DE396}.Debug|Any CPU.Build.0 = Debug|Any CPU
		{546D9DE6-D084-4BF4-9671-06EA3E4DE396}.Release|Any CPU.ActiveCfg = Release|Any CPU
		{546D9DE6-D084-4BF4-9671-06EA3E4DE396}.Release|Any CPU.Build.0 = Release|Any CPU
		{7C5D5D81-42E4-4218-91EF-F5789BD315C8}.Debug|Any CPU.ActiveCfg = Debug|Any CPU
		{7C5D5D81-42E4-4218-91EF-F5789BD315C8}.Debug|Any CPU.Build.0 = Debug|Any CPU
		{7C5D5D81-42E4-4218-91EF-F5789BD315C8}.Release|Any CPU.ActiveCfg = Release|Any CPU
		{7C5D5D81-42E4-4218-91EF-F5789BD315C8}.Release|Any CPU.Build.0 = Release|Any CPU
		{8DFC544E-A19F-483B-B15B-F67EF149D57D}.Debug|Any CPU.ActiveCfg = Debug|Any CPU
		{8DFC544E-A19F-483B-B15B-F67EF149D57D}.Debug|Any CPU.Build.0 = Debug|Any CPU
		{8DFC544E-A19F-483B-B15B-F67EF149D57D}.Release|Any CPU.ActiveCfg = Release|Any CPU
		{8DFC544E-A19F-483B-B15B-F67EF149D57D}.Release|Any CPU.Build.0 = Release|Any CPU
		{C4D020B6-38F3-4824-B44F-10C39CE166C3}.Debug|Any CPU.ActiveCfg = Debug|Any CPU
		{C4D020B6-38F3-4824-B44F-10C39CE166C3}.Debug|Any CPU.Build.0 = Debug|Any CPU
		{C4D020B6-38F3-4824-B44F-10C39CE166C3}.Release|Any CPU.ActiveCfg = Release|Any CPU
		{C4D020B6-38F3-4824-B44F-10C39CE166C3}.Release|Any CPU.Build.0 = Release|Any CPU
		{B9402087-2AFB-4138-8911-C903B84C2E3B}.Debug|Any CPU.ActiveCfg = Debug|Any CPU
		{B9402087-2AFB-4138-8911-C903B84C2E3B}.Debug|Any CPU.Build.0 = Debug|Any CPU
		{B9402087-2AFB-4138-8911-C903B84C2E3B}.Release|Any CPU.ActiveCfg = Release|Any CPU
		{B9402087-2AFB-4138-8911-C903B84C2E3B}.Release|Any CPU.Build.0 = Release|Any CPU
		{1279B4EF-538F-4A1C-80D8-E2EA11BC6FF7}.Debug|Any CPU.ActiveCfg = Debug|Any CPU
		{1279B4EF-538F-4A1C-80D8-E2EA11BC6FF7}.Debug|Any CPU.Build.0 = Debug|Any CPU
		{1279B4EF-538F-4A1C-80D8-E2EA11BC6FF7}.Release|Any CPU.ActiveCfg = Release|Any CPU
		{1279B4EF-538F-4A1C-80D8-E2EA11BC6FF7}.Release|Any CPU.Build.0 = Release|Any CPU
		{94FD411D-E7F2-4822-AF2B-D46D2E37ABCB}.Debug|Any CPU.ActiveCfg = Debug|Any CPU
		{94FD411D-E7F2-4822-AF2B-D46D2E37ABCB}.Debug|Any CPU.Build.0 = Debug|Any CPU
		{94FD411D-E7F2-4822-AF2B-D46D2E37ABCB}.Release|Any CPU.ActiveCfg = Release|Any CPU
		{94FD411D-E7F2-4822-AF2B-D46D2E37ABCB}.Release|Any CPU.Build.0 = Release|Any CPU
		{E80CBACB-7215-4DEB-9700-FB1F2760EA43}.Debug|Any CPU.ActiveCfg = Debug|Any CPU
		{E80CBACB-7215-4DEB-9700-FB1F2760EA43}.Debug|Any CPU.Build.0 = Debug|Any CPU
		{E80CBACB-7215-4DEB-9700-FB1F2760EA43}.Release|Any CPU.ActiveCfg = Release|Any CPU
		{E80CBACB-7215-4DEB-9700-FB1F2760EA43}.Release|Any CPU.Build.0 = Release|Any CPU
		{9950ED6B-B98C-4295-B4C9-F42EDE71F915}.Debug|Any CPU.ActiveCfg = Debug|Any CPU
		{9950ED6B-B98C-4295-B4C9-F42EDE71F915}.Debug|Any CPU.Build.0 = Debug|Any CPU
		{9950ED6B-B98C-4295-B4C9-F42EDE71F915}.Release|Any CPU.ActiveCfg = Release|Any CPU
		{9950ED6B-B98C-4295-B4C9-F42EDE71F915}.Release|Any CPU.Build.0 = Release|Any CPU
	EndGlobalSection
	GlobalSection(SolutionProperties) = preSolution
		HideSolutionNode = FALSE
	EndGlobalSection
EndGlobal
